
Microsoft Visual Studio Solution File, Format Version 12.00
# Visual Studio 15
Project("{FAE04EC0-301F-11D3-BF4B-00C04F79EFBC}") = "UnitySkills.Tests.Editor", "UnitySkills.Tests.Editor.csproj", "{167D8B2B-062E-5BA9-2398-359703C915C8}"
EndProject
Project("{FAE04EC0-301F-11D3-BF4B-00C04F79EFBC}") = "UnitySkills.Editor", "UnitySkills.Editor.csproj", "{81408B59-64CD-B09E-F80A-F04D63409609}"
EndProject
Project("{FAE04EC0-301F-11D3-BF4B-00C04F79EFBC}") = "FusionRPG", "FusionRPG.csproj", "{463F9DC0-32CA-A261-B828-14BAA5FBA8AF}"
EndProject
Project("{FAE04EC0-301F-11D3-BF4B-00C04F79EFBC}") = "FusionRPG.EditModeTests", "FusionRPG.EditModeTests.csproj", "{E17273FD-535B-2035-A421-BDA1C8358685}"
EndProject
Project("{FAE04EC0-301F-11D3-BF4B-00C04F79EFBC}") = "Assembly-CSharp-Editor", "Assembly-CSharp-Editor.csproj", "{D1250A5D-69AA-2055-45AA-229BEAFD7B32}"
EndProject
Project("{FAE04EC0-301F-11D3-BF4B-00C04F79EFBC}") = "FusionRPG.PlayModeTests", "FusionRPG.PlayModeTests.csproj", "{170E1953-FD54-F20E-33FF-DA2040C1BE23}"
EndProject
Project("{FAE04EC0-301F-11D3-BF4B-00C04F79EFBC}") = "Assembly-CSharp", "Assembly-CSharp.csproj", "{7C9EC6C8-359B-F5AC-D403-560611E2F33C}"
EndProject
Global
	GlobalSection(SolutionConfigurationPlatforms) = preSolution
		Debug|Any CPU = Debug|Any CPU
		Release|Any CPU = Release|Any CPU
	EndGlobalSection
	GlobalSection(ProjectConfigurationPlatforms) = postSolution
		{167D8B2B-062E-5BA9-2398-359703C915C8}.Debug|Any CPU.ActiveCfg = Debug|Any CPU
		{167D8B2B-062E-5BA9-2398-359703C915C8}.Debug|Any CPU.Build.0 = Debug|Any CPU
		{167D8B2B-062E-5BA9-2398-359703C915C8}.Release|Any CPU.ActiveCfg = Release|Any CPU
		{167D8B2B-062E-5BA9-2398-359703C915C8}.Release|Any CPU.Build.0 = Release|Any CPU
		{81408B59-64CD-B09E-F80A-F04D63409609}.Debug|Any CPU.ActiveCfg = Debug|Any CPU
		{81408B59-64CD-B09E-F80A-F04D63409609}.Debug|Any CPU.Build.0 = Debug|Any CPU
		{81408B59-64CD-B09E-F80A-F04D63409609}.Release|Any CPU.ActiveCfg = Release|Any CPU
		{81408B59-64CD-B09E-F80A-F04D63409609}.Release|Any CPU.Build.0 = Release|Any CPU
		{463F9DC0-32CA-A261-B828-14BAA5FBA8AF}.Debug|Any CPU.ActiveCfg = Debug|Any CPU
		{463F9DC0-32CA-A261-B828-14BAA5FBA8AF}.Debug|Any CPU.Build.0 = Debug|Any CPU
		{463F9DC0-32CA-A261-B828-14BAA5FBA8AF}.Release|Any CPU.ActiveCfg = Release|Any CPU
		{463F9DC0-32CA-A261-B828-14BAA5FBA8AF}.Release|Any CPU.Build.0 = Release|Any CPU
		{E17273FD-535B-2035-A421-BDA1C8358685}.Debug|Any CPU.ActiveCfg = Debug|Any CPU
		{E17273FD-535B-2035-A421-BDA1C8358685}.Debug|Any CPU.Build.0 = Debug|Any CPU
		{E17273FD-535B-2035-A421-BDA1C8358685}.Release|Any CPU.ActiveCfg = Release|Any CPU
		{E17273FD-535B-2035-A421-BDA1C8358685}.Release|Any CPU.Build.0 = Release|Any CPU
		{D1250A5D-69AA-2055-45AA-229BEAFD7B32}.Debug|Any CPU.ActiveCfg = Debug|Any CPU
		{D1250A5D-69AA-2055-45AA-229BEAFD7B32}.Debug|Any CPU.Build.0 = Debug|Any CPU
		{D1250A5D-69AA-2055-45AA-229BEAFD7B32}.Release|Any CPU.ActiveCfg = Release|Any CPU
		{D1250A5D-69AA-2055-45AA-229BEAFD7B32}.Release|Any CPU.Build.0 = Release|Any CPU
		{170E1953-FD54-F20E-33FF-DA2040C1BE23}.Debug|Any CPU.ActiveCfg = Debug|Any CPU
		{170E1953-FD54-F20E-33FF-DA2040C1BE23}.Debug|Any CPU.Build.0 = Debug|Any CPU
		{170E1953-FD54-F20E-33FF-DA2040C1BE23}.Release|Any CPU.ActiveCfg = Release|Any CPU
		{170E1953-FD54-F20E-33FF-DA2040C1BE23}.Release|Any CPU.Build.0 = Release|Any CPU
		{7C9EC6C8-359B-F5AC-D403-560611E2F33C}.Debug|Any CPU.ActiveCfg = Debug|Any CPU
		{7C9EC6C8-359B-F5AC-D403-560611E2F33C}.Debug|Any CPU.Build.0 = Debug|Any CPU
		{7C9EC6C8-359B-F5AC-D403-560611E2F33C}.Release|Any CPU.ActiveCfg = Release|Any CPU
		{7C9EC6C8-359B-F5AC-D403-560611E2F33C}.Release|Any CPU.Build.0 = Release|Any CPU
	EndGlobalSection
	GlobalSection(SolutionProperties) = preSolution
		HideSolutionNode = FALSE
	EndGlobalSection
EndGlobal
